
Microsoft Visual Studio Solution File, Format Version 12.00
# Visual Studio Version 17
VisualStudioVersion = 17.14.36705.20 d17.14
MinimumVisualStudioVersion = 10.0.40219.1
Project("{FAE04EC0-301F-11D3-BF4B-00C04F79EFBC}") = "QuanLyHocSinh", "QuanLyHocSinh\QuanLyHocSinh.csproj", "{7A07C64F-427C-403E-993A-6AA6D67A7BB4}"
EndProject
Global
	GlobalSection(SolutionConfigurationPlatforms) = preSolution
		Debug|Any CPU = Debug|Any CPU
		Release|Any CPU = Release|Any CPU
	EndGlobalSection
	GlobalSection(ProjectConfigurationPlatforms) = postSolution
		{7A07C64F-427C-403E-993A-6AA6D67A7BB4}.Debug|Any CPU.ActiveCfg = Debug|Any CPU
		{7A07C64F-427C-403E-993A-6AA6D67A7BB4}.Debug|Any CPU.Build.0 = Debug|Any CPU
		{7A07C64F-427C-403E-993A-6AA6D67A7BB4}.Release|Any CPU.ActiveCfg = Release|Any CPU
		{7A07C64F-427C-403E-993A-6AA6D67A7BB4}.Release|Any CPU.Build.0 = Release|Any CPU
	EndGlobalSection
	GlobalSection(SolutionProperties) = preSolution
		HideSolutionNode = FALSE
	EndGlobalSection
	GlobalSection(ExtensibilityGlobals) = postSolution
		SolutionGuid = {9A49DD98-8D4E-480F-B481-051AE6765F8B}
	EndGlobalSection
EndGlobal
